
Microsoft Visual Studio Solution File, Format Version 12.00
# Visual Studio Version 17
VisualStudioVersion = 17.0.32112.339
MinimumVisualStudioVersion = 10.0.40219.1
Project("{FAE04EC0-301F-11D3-BF4B-00C04F79EFBC}") = "HGS System", "HGS System\HGS System.csproj", "{082E46CA-ACC0-4939-AC59-E208B237BEDE}"
EndProject
Global
	GlobalSection(SolutionConfigurationPlatforms) = preSolution
		Debug|Any CPU = Debug|Any CPU
		Release|Any CPU = Release|Any CPU
	EndGlobalSection
	GlobalSection(ProjectConfigurationPlatforms) = postSolution
		{082E46CA-ACC0-4939-AC59-E208B237BEDE}.Debug|Any CPU.ActiveCfg = Debug|Any CPU
		{082E46CA-ACC0-4939-AC59-E208B237BEDE}.Debug|Any CPU.Build.0 = Debug|Any CPU
		{082E46CA-ACC0-4939-AC59-E208B237BEDE}.Release|Any CPU.ActiveCfg = Release|Any CPU
		{082E46CA-ACC0-4939-AC59-E208B237BEDE}.Release|Any CPU.Build.0 = Release|Any CPU
	EndGlobalSection
	GlobalSection(SolutionProperties) = preSolution
		HideSolutionNode = FALSE
	EndGlobalSection
	GlobalSection(ExtensibilityGlobals) = postSolution
		SolutionGuid = {E80A8F61-F3EA-4EBB-B160-A0A53F7CCB88}
	EndGlobalSection
EndGlobal
